// !$*UTF8*$!
{
	archiveVersion = 1;
	classes = {
	};
	objectVersion = 55;
	objects = {

/* Begin PBXBuildFile section */
		1B824AD048322B9DACAF5693 /* Pods_Help_clothesTests.framework in Frameworks */ = {isa = PBXBuildFile; fileRef = 98EB2C556E3AE1AF9F8A521C /* Pods_Help_clothesTests.framework */; };
		8C3CD05223BAA5523498BAC5 /* Pods_Help_clothes.framework in Frameworks */ = {isa = PBXBuildFile; fileRef = 898778F40E8D77161E23FB48 /* Pods_Help_clothes.framework */; };
		D80CB1F027706CF000B96848 /* Assets.xcassets in Resources */ = {isa = PBXBuildFile; fileRef = D80CB1EF27706CF000B96848 /* Assets.xcassets */; };
		D88856C0274F797B0038FCEA /* WeatherModel.swift in Sources */ = {isa = PBXBuildFile; fileRef = D88856BF274F797B0038FCEA /* WeatherModel.swift */; };
		D88856C6274F93DE0038FCEA /* WeatherData.swift in Sources */ = {isa = PBXBuildFile; fileRef = D88856C5274F93DE0038FCEA /* WeatherData.swift */; };
		D88F6D77276667EA00F76D18 /* RealmDataModel.swift in Sources */ = {isa = PBXBuildFile; fileRef = D88F6D76276667EA00F76D18 /* RealmDataModel.swift */; };
		D89983312768F32E007F120D /* CollectionHeaderView.xib in Resources */ = {isa = PBXBuildFile; fileRef = D899832F2768F32E007F120D /* CollectionHeaderView.xib */; };
		D89983342769BBC9007F120D /* CollectionHeaderView.swift in Sources */ = {isa = PBXBuildFile; fileRef = D89983332769BBC9007F120D /* CollectionHeaderView.swift */; };
		D89D17CF27660F0100A713B9 /* RegisterViewController.swift in Sources */ = {isa = PBXBuildFile; fileRef = D89D17C827660F0100A713B9 /* RegisterViewController.swift */; };
		D89D17D027660F0100A713B9 /* PhotoCollectionView.swift in Sources */ = {isa = PBXBuildFile; fileRef = D89D17C927660F0100A713B9 /* PhotoCollectionView.swift */; };
		D89D17D127660F0100A713B9 /* CollectionViewCell.swift in Sources */ = {isa = PBXBuildFile; fileRef = D89D17CA27660F0100A713B9 /* CollectionViewCell.swift */; };
		D89D17D227660F0100A713B9 /* StyleScreen1ViewController.swift in Sources */ = {isa = PBXBuildFile; fileRef = D89D17CB27660F0100A713B9 /* StyleScreen1ViewController.swift */; };
		D89D17D327660F0100A713B9 /* WeatherViewController.swift in Sources */ = {isa = PBXBuildFile; fileRef = D89D17CC27660F0100A713B9 /* WeatherViewController.swift */; };
		D89D17D427660F0100A713B9 /* StyleScreen2ViewController.swift in Sources */ = {isa = PBXBuildFile; fileRef = D89D17CD27660F0100A713B9 /* StyleScreen2ViewController.swift */; };
		D89D17DA27660F5F00A713B9 /* StyleScreen1.storyboard in Resources */ = {isa = PBXBuildFile; fileRef = D89D17D627660F5E00A713B9 /* StyleScreen1.storyboard */; };
		D89D17DB27660F5F00A713B9 /* CollectionViewCell.xib in Resources */ = {isa = PBXBuildFile; fileRef = D89D17D727660F5E00A713B9 /* CollectionViewCell.xib */; };
		D89D17DC27660F5F00A713B9 /* StyleScreen2.storyboard in Resources */ = {isa = PBXBuildFile; fileRef = D89D17D827660F5E00A713B9 /* StyleScreen2.storyboard */; };
		D89D17DD27660F5F00A713B9 /* Register.storyboard in Resources */ = {isa = PBXBuildFile; fileRef = D89D17D927660F5F00A713B9 /* Register.storyboard */; };
		D89D17DF27660FFE00A713B9 /* WeatherManager.swift in Sources */ = {isa = PBXBuildFile; fileRef = D89D17DE27660FFD00A713B9 /* WeatherManager.swift */; };
		D8ACFEB52748D65900846103 /* AppDelegate.swift in Sources */ = {isa = PBXBuildFile; fileRef = D8ACFEB42748D65900846103 /* AppDelegate.swift */; };
		D8ACFEB72748D65900846103 /* SceneDelegate.swift in Sources */ = {isa = PBXBuildFile; fileRef = D8ACFEB62748D65900846103 /* SceneDelegate.swift */; };
		D8ACFEBC2748D65900846103 /* Main.storyboard in Resources */ = {isa = PBXBuildFile; fileRef = D8ACFEBA2748D65900846103 /* Main.storyboard */; };
		D8ACFEC12748D65E00846103 /* LaunchScreen.storyboard in Resources */ = {isa = PBXBuildFile; fileRef = D8ACFEBF2748D65E00846103 /* LaunchScreen.storyboard */; };
		D8ACFECC2748D65E00846103 /* Help_clothesTests.swift in Sources */ = {isa = PBXBuildFile; fileRef = D8ACFECB2748D65E00846103 /* Help_clothesTests.swift */; };
		D8ACFED62748D65E00846103 /* Help_clothesUITests.swift in Sources */ = {isa = PBXBuildFile; fileRef = D8ACFED52748D65E00846103 /* Help_clothesUITests.swift */; };
		D8ACFED82748D65E00846103 /* Help_clothesUITestsLaunchTests.swift in Sources */ = {isa = PBXBuildFile; fileRef = D8ACFED72748D65E00846103 /* Help_clothesUITestsLaunchTests.swift */; };
		E7EA2592FB6334FC593A83A5 /* Pods_Help_clothes_Help_clothesUITests.framework in Frameworks */ = {isa = PBXBuildFile; fileRef = 4B46062365EAE3C87EF90EDA /* Pods_Help_clothes_Help_clothesUITests.framework */; };
/* End PBXBuildFile section */

/* Begin PBXContainerItemProxy section */
		D8ACFEC82748D65E00846103 /* PBXContainerItemProxy */ = {
			isa = PBXContainerItemProxy;
			containerPortal = D8ACFEA92748D65900846103 /* Project object */;
			proxyType = 1;
			remoteGlobalIDString = D8ACFEB02748D65900846103;
			remoteInfo = "Help clothes";
		};
		D8ACFED22748D65E00846103 /* PBXContainerItemProxy */ = {
			isa = PBXContainerItemProxy;
			containerPortal = D8ACFEA92748D65900846103 /* Project object */;
			proxyType = 1;
			remoteGlobalIDString = D8ACFEB02748D65900846103;
			remoteInfo = "Help clothes";
		};
/* End PBXContainerItemProxy section */

/* Begin PBXFileReference section */
		0475FED8E05FC08CF30A3717 /* Pods-Help clothes-Help clothesUITests.debug.xcconfig */ = {isa = PBXFileReference; includeInIndex = 1; lastKnownFileType = text.xcconfig; name = "Pods-Help clothes-Help clothesUITests.debug.xcconfig"; path = "Target Support Files/Pods-Help clothes-Help clothesUITests/Pods-Help clothes-Help clothesUITests.debug.xcconfig"; sourceTree = "<group>"; };
		1814A6216349185E623921F0 /* Pods-Help clothesTests.debug.xcconfig */ = {isa = PBXFileReference; includeInIndex = 1; lastKnownFileType = text.xcconfig; name = "Pods-Help clothesTests.debug.xcconfig"; path = "Target Support Files/Pods-Help clothesTests/Pods-Help clothesTests.debug.xcconfig"; sourceTree = "<group>"; };
		265D66620D212B7660A34C72 /* Pods-Help clothes.debug.xcconfig */ = {isa = PBXFileReference; includeInIndex = 1; lastKnownFileType = text.xcconfig; name = "Pods-Help clothes.debug.xcconfig"; path = "Target Support Files/Pods-Help clothes/Pods-Help clothes.debug.xcconfig"; sourceTree = "<group>"; };
		4B46062365EAE3C87EF90EDA /* Pods_Help_clothes_Help_clothesUITests.framework */ = {isa = PBXFileReference; explicitFileType = wrapper.framework; includeInIndex = 0; path = Pods_Help_clothes_Help_clothesUITests.framework; sourceTree = BUILT_PRODUCTS_DIR; };
		898778F40E8D77161E23FB48 /* Pods_Help_clothes.framework */ = {isa = PBXFileReference; explicitFileType = wrapper.framework; includeInIndex = 0; path = Pods_Help_clothes.framework; sourceTree = BUILT_PRODUCTS_DIR; };
		98EB2C556E3AE1AF9F8A521C /* Pods_Help_clothesTests.framework */ = {isa = PBXFileReference; explicitFileType = wrapper.framework; includeInIndex = 0; path = Pods_Help_clothesTests.framework; sourceTree = BUILT_PRODUCTS_DIR; };
		A1D02A70CC03CC69F6C47A29 /* Pods-Help clothes.release.xcconfig */ = {isa = PBXFileReference; includeInIndex = 1; lastKnownFileType = text.xcconfig; name = "Pods-Help clothes.release.xcconfig"; path = "Target Support Files/Pods-Help clothes/Pods-Help clothes.release.xcconfig"; sourceTree = "<group>"; };
		BD80E9C3F1361C5BF5D4F666 /* Pods-Help clothes-Help clothesUITests.release.xcconfig */ = {isa = PBXFileReference; includeInIndex = 1; lastKnownFileType = text.xcconfig; name = "Pods-Help clothes-Help clothesUITests.release.xcconfig"; path = "Target Support Files/Pods-Help clothes-Help clothesUITests/Pods-Help clothes-Help clothesUITests.release.xcconfig"; sourceTree = "<group>"; };
		D80CB1EF27706CF000B96848 /* Assets.xcassets */ = {isa = PBXFileReference; lastKnownFileType = folder.assetcatalog; path = Assets.xcassets; sourceTree = "<group>"; };
		D88856BF274F797B0038FCEA /* WeatherModel.swift */ = {isa = PBXFileReference; lastKnownFileType = sourcecode.swift; path = WeatherModel.swift; sourceTree = "<group>"; };
		D88856C5274F93DE0038FCEA /* WeatherData.swift */ = {isa = PBXFileReference; lastKnownFileType = sourcecode.swift; path = WeatherData.swift; sourceTree = "<group>"; };
		D88F6D76276667EA00F76D18 /* RealmDataModel.swift */ = {isa = PBXFileReference; lastKnownFileType = sourcecode.swift; path = RealmDataModel.swift; sourceTree = "<group>"; };
		D899832F2768F32E007F120D /* CollectionHeaderView.xib */ = {isa = PBXFileReference; lastKnownFileType = file.xib; name = CollectionHeaderView.xib; path = "Help clothes/View/CollectionHeaderView/CollectionHeaderView.xib"; sourceTree = SOURCE_ROOT; };
		D89983332769BBC9007F120D /* CollectionHeaderView.swift */ = {isa = PBXFileReference; fileEncoding = 4; lastKnownFileType = sourcecode.swift; path = CollectionHeaderView.swift; sourceTree = "<group>"; };
		D89D17C827660F0100A713B9 /* RegisterViewController.swift */ = {isa = PBXFileReference; fileEncoding = 4; lastKnownFileType = sourcecode.swift; path = RegisterViewController.swift; sourceTree = "<group>"; };
		D89D17C927660F0100A713B9 /* PhotoCollectionView.swift */ = {isa = PBXFileReference; fileEncoding = 4; lastKnownFileType = sourcecode.swift; path = PhotoCollectionView.swift; sourceTree = "<group>"; };
		D89D17CA27660F0100A713B9 /* CollectionViewCell.swift */ = {isa = PBXFileReference; fileEncoding = 4; lastKnownFileType = sourcecode.swift; path = CollectionViewCell.swift; sourceTree = "<group>"; };
		D89D17CB27660F0100A713B9 /* StyleScreen1ViewController.swift */ = {isa = PBXFileReference; fileEncoding = 4; lastKnownFileType = sourcecode.swift; path = StyleScreen1ViewController.swift; sourceTree = "<group>"; };
		D89D17CC27660F0100A713B9 /* WeatherViewController.swift */ = {isa = PBXFileReference; fileEncoding = 4; lastKnownFileType = sourcecode.swift; path = WeatherViewController.swift; sourceTree = "<group>"; };
		D89D17CD27660F0100A713B9 /* StyleScreen2ViewController.swift */ = {isa = PBXFileReference; fileEncoding = 4; lastKnownFileType = sourcecode.swift; path = StyleScreen2ViewController.swift; sourceTree = "<group>"; };
		D89D17D627660F5E00A713B9 /* StyleScreen1.storyboard */ = {isa = PBXFileReference; fileEncoding = 4; lastKnownFileType = file.storyboard; path = StyleScreen1.storyboard; sourceTree = "<group>"; };
		D89D17D727660F5E00A713B9 /* CollectionViewCell.xib */ = {isa = PBXFileReference; fileEncoding = 4; lastKnownFileType = file.xib; path = CollectionViewCell.xib; sourceTree = "<group>"; };
		D89D17D827660F5E00A713B9 /* StyleScreen2.storyboard */ = {isa = PBXFileReference; fileEncoding = 4; lastKnownFileType = file.storyboard; path = StyleScreen2.storyboard; sourceTree = "<group>"; };
		D89D17D927660F5F00A713B9 /* Register.storyboard */ = {isa = PBXFileReference; fileEncoding = 4; lastKnownFileType = file.storyboard; path = Register.storyboard; sourceTree = "<group>"; };
		D89D17DE27660FFD00A713B9 /* WeatherManager.swift */ = {isa = PBXFileReference; fileEncoding = 4; lastKnownFileType = sourcecode.swift; path = WeatherManager.swift; sourceTree = "<group>"; };
		D8ACFEB12748D65900846103 /* Help clothes.app */ = {isa = PBXFileReference; explicitFileType = wrapper.application; includeInIndex = 0; path = "Help clothes.app"; sourceTree = BUILT_PRODUCTS_DIR; };
		D8ACFEB42748D65900846103 /* AppDelegate.swift */ = {isa = PBXFileReference; lastKnownFileType = sourcecode.swift; path = AppDelegate.swift; sourceTree = "<group>"; };
		D8ACFEB62748D65900846103 /* SceneDelegate.swift */ = {isa = PBXFileReference; lastKnownFileType = sourcecode.swift; path = SceneDelegate.swift; sourceTree = "<group>"; };
		D8ACFEBB2748D65900846103 /* Base */ = {isa = PBXFileReference; lastKnownFileType = file.storyboard; name = Base; path = Base.lproj/Main.storyboard; sourceTree = "<group>"; };
		D8ACFEC02748D65E00846103 /* Base */ = {isa = PBXFileReference; lastKnownFileType = file.storyboard; name = Base; path = Base.lproj/LaunchScreen.storyboard; sourceTree = "<group>"; };
		D8ACFEC22748D65E00846103 /* Info.plist */ = {isa = PBXFileReference; lastKnownFileType = text.plist.xml; path = Info.plist; sourceTree = "<group>"; };
		D8ACFEC72748D65E00846103 /* Help clothesTests.xctest */ = {isa = PBXFileReference; explicitFileType = wrapper.cfbundle; includeInIndex = 0; path = "Help clothesTests.xctest"; sourceTree = BUILT_PRODUCTS_DIR; };
		D8ACFECB2748D65E00846103 /* Help_clothesTests.swift */ = {isa = PBXFileReference; lastKnownFileType = sourcecode.swift; path = Help_clothesTests.swift; sourceTree = "<group>"; };
		D8ACFED12748D65E00846103 /* Help clothesUITests.xctest */ = {isa = PBXFileReference; explicitFileType = wrapper.cfbundle; includeInIndex = 0; path = "Help clothesUITests.xctest"; sourceTree = BUILT_PRODUCTS_DIR; };
		D8ACFED52748D65E00846103 /* Help_clothesUITests.swift */ = {isa = PBXFileReference; lastKnownFileType = sourcecode.swift; path = Help_clothesUITests.swift; sourceTree = "<group>"; };
		D8ACFED72748D65E00846103 /* Help_clothesUITestsLaunchTests.swift */ = {isa = PBXFileReference; lastKnownFileType = sourcecode.swift; path = Help_clothesUITestsLaunchTests.swift; sourceTree = "<group>"; };
		F26737504D987E41A48216C9 /* Pods-Help clothesTests.release.xcconfig */ = {isa = PBXFileReference; includeInIndex = 1; lastKnownFileType = text.xcconfig; name = "Pods-Help clothesTests.release.xcconfig"; path = "Target Support Files/Pods-Help clothesTests/Pods-Help clothesTests.release.xcconfig"; sourceTree = "<group>"; };
/* End PBXFileReference section */

/* Begin PBXFrameworksBuildPhase section */
		D8ACFEAE2748D65900846103 /* Frameworks */ = {
			isa = PBXFrameworksBuildPhase;
			buildActionMask = 2147483647;
			files = (
				8C3CD05223BAA5523498BAC5 /* Pods_Help_clothes.framework in Frameworks */,
			);
			runOnlyForDeploymentPostprocessing = 0;
		};
		D8ACFEC42748D65E00846103 /* Frameworks */ = {
			isa = PBXFrameworksBuildPhase;
			buildActionMask = 2147483647;
			files = (
				1B824AD048322B9DACAF5693 /* Pods_Help_clothesTests.framework in Frameworks */,
			);
			runOnlyForDeploymentPostprocessing = 0;
		};
		D8ACFECE2748D65E00846103 /* Frameworks */ = {
			isa = PBXFrameworksBuildPhase;
			buildActionMask = 2147483647;
			files = (
				E7EA2592FB6334FC593A83A5 /* Pods_Help_clothes_Help_clothesUITests.framework in Frameworks */,
			);
			runOnlyForDeploymentPostprocessing = 0;
		};
/* End PBXFrameworksBuildPhase section */

/* Begin PBXGroup section */
		1BA3473A5FBF57840CE38391 /* Frameworks */ = {
			isa = PBXGroup;
			children = (
				898778F40E8D77161E23FB48 /* Pods_Help_clothes.framework */,
				4B46062365EAE3C87EF90EDA /* Pods_Help_clothes_Help_clothesUITests.framework */,
				98EB2C556E3AE1AF9F8A521C /* Pods_Help_clothesTests.framework */,
			);
			name = Frameworks;
			sourceTree = "<group>";
		};
		D88856C1274F7B100038FCEA /* Model */ = {
			isa = PBXGroup;
			children = (
				D88F6D76276667EA00F76D18 /* RealmDataModel.swift */,
				D89D17DE27660FFD00A713B9 /* WeatherManager.swift */,
				D88856C5274F93DE0038FCEA /* WeatherData.swift */,
				D88856BF274F797B0038FCEA /* WeatherModel.swift */,
			);
			path = Model;
			sourceTree = "<group>";
		};
		D88856C2274F7B1F0038FCEA /* View */ = {
			isa = PBXGroup;
			children = (
				D8ACFEBA2748D65900846103 /* Main.storyboard */,
				D89983322769BB74007F120D /* CollectionHeaderView */,
				D899832727683543007F120D /* CollectionView */,
				D89D17D927660F5F00A713B9 /* Register.storyboard */,
				D89D17D627660F5E00A713B9 /* StyleScreen1.storyboard */,
				D89D17D827660F5E00A713B9 /* StyleScreen2.storyboard */,
			);
			path = View;
			sourceTree = "<group>";
		};
		D899832727683543007F120D /* CollectionView */ = {
			isa = PBXGroup;
			children = (
				D89D17CA27660F0100A713B9 /* CollectionViewCell.swift */,
				D89D17D727660F5E00A713B9 /* CollectionViewCell.xib */,
			);
			path = CollectionView;
			sourceTree = "<group>";
		};
		D89983322769BB74007F120D /* CollectionHeaderView */ = {
			isa = PBXGroup;
			children = (
				D89983332769BBC9007F120D /* CollectionHeaderView.swift */,
				D899832F2768F32E007F120D /* CollectionHeaderView.xib */,
			);
			path = CollectionHeaderView;
			sourceTree = "<group>";
		};
		D89D17C727660E5800A713B9 /* ViewControllers */ = {
			isa = PBXGroup;
			children = (
				D89D17CC27660F0100A713B9 /* WeatherViewController.swift */,
				D89D17C927660F0100A713B9 /* PhotoCollectionView.swift */,
				D89D17C827660F0100A713B9 /* RegisterViewController.swift */,
				D89D17CB27660F0100A713B9 /* StyleScreen1ViewController.swift */,
				D89D17CD27660F0100A713B9 /* StyleScreen2ViewController.swift */,
			);
			path = ViewControllers;
			sourceTree = "<group>";
		};
		D8ACFEA82748D65900846103 = {
			isa = PBXGroup;
			children = (
				D8ACFEB32748D65900846103 /* Help clothes */,
				D8ACFECA2748D65E00846103 /* Help clothesTests */,
				D8ACFED42748D65E00846103 /* Help clothesUITests */,
				D8ACFEB22748D65900846103 /* Products */,
				DA48A4E3B11DAB4352F276AC /* Pods */,
				1BA3473A5FBF57840CE38391 /* Frameworks */,
			);
			sourceTree = "<group>";
		};
		D8ACFEB22748D65900846103 /* Products */ = {
			isa = PBXGroup;
			children = (
				D8ACFEB12748D65900846103 /* Help clothes.app */,
				D8ACFEC72748D65E00846103 /* Help clothesTests.xctest */,
				D8ACFED12748D65E00846103 /* Help clothesUITests.xctest */,
			);
			name = Products;
			sourceTree = "<group>";
		};
		D8ACFEB32748D65900846103 /* Help clothes */ = {
			isa = PBXGroup;
			children = (
				D8ACFEB42748D65900846103 /* AppDelegate.swift */,
				D8ACFEB62748D65900846103 /* SceneDelegate.swift */,
				D88856C1274F7B100038FCEA /* Model */,
				D89D17C727660E5800A713B9 /* ViewControllers */,
				D88856C2274F7B1F0038FCEA /* View */,
				D8ACFEBF2748D65E00846103 /* LaunchScreen.storyboard */,
				D8ACFEC22748D65E00846103 /* Info.plist */,
				D80CB1EF27706CF000B96848 /* Assets.xcassets */,
			);
			path = "Help clothes";
			sourceTree = "<group>";
		};
		D8ACFECA2748D65E00846103 /* Help clothesTests */ = {
			isa = PBXGroup;
			children = (
				D8ACFECB2748D65E00846103 /* Help_clothesTests.swift */,
			);
			path = "Help clothesTests";
			sourceTree = "<group>";
		};
		D8ACFED42748D65E00846103 /* Help clothesUITests */ = {
			isa = PBXGroup;
			children = (
				D8ACFED52748D65E00846103 /* Help_clothesUITests.swift */,
				D8ACFED72748D65E00846103 /* Help_clothesUITestsLaunchTests.swift */,
			);
			path = "Help clothesUITests";
			sourceTree = "<group>";
		};
		DA48A4E3B11DAB4352F276AC /* Pods */ = {
			isa = PBXGroup;
			children = (
				265D66620D212B7660A34C72 /* Pods-Help clothes.debug.xcconfig */,
				A1D02A70CC03CC69F6C47A29 /* Pods-Help clothes.release.xcconfig */,
				0475FED8E05FC08CF30A3717 /* Pods-Help clothes-Help clothesUITests.debug.xcconfig */,
				BD80E9C3F1361C5BF5D4F666 /* Pods-Help clothes-Help clothesUITests.release.xcconfig */,
				1814A6216349185E623921F0 /* Pods-Help clothesTests.debug.xcconfig */,
				F26737504D987E41A48216C9 /* Pods-Help clothesTests.release.xcconfig */,
			);
			path = Pods;
			sourceTree = "<group>";
		};
/* End PBXGroup section */

/* Begin PBXNativeTarget section */
		D8ACFEB02748D65900846103 /* Help clothes */ = {
			isa = PBXNativeTarget;
			buildConfigurationList = D8ACFEDB2748D65E00846103 /* Build configuration list for PBXNativeTarget "Help clothes" */;
			buildPhases = (
				305BFB7D20502C6E573F6B71 /* [CP] Check Pods Manifest.lock */,
				D8ACFEAD2748D65900846103 /* Sources */,
				D8ACFEAE2748D65900846103 /* Frameworks */,
				D8ACFEAF2748D65900846103 /* Resources */,
				DD72A041E69B235EF5BCD7AD /* [CP] Embed Pods Frameworks */,
			);
			buildRules = (
			);
			dependencies = (
			);
			name = "Help clothes";
			productName = "Help clothes";
			productReference = D8ACFEB12748D65900846103 /* Help clothes.app */;
			productType = "com.apple.product-type.application";
		};
		D8ACFEC62748D65E00846103 /* Help clothesTests */ = {
			isa = PBXNativeTarget;
			buildConfigurationList = D8ACFEDE2748D65E00846103 /* Build configuration list for PBXNativeTarget "Help clothesTests" */;
			buildPhases = (
				14531AF98E56302B80F06021 /* [CP] Check Pods Manifest.lock */,
				D8ACFEC32748D65E00846103 /* Sources */,
				D8ACFEC42748D65E00846103 /* Frameworks */,
				D8ACFEC52748D65E00846103 /* Resources */,
			);
			buildRules = (
			);
			dependencies = (
				D8ACFEC92748D65E00846103 /* PBXTargetDependency */,
			);
			name = "Help clothesTests";
			productName = "Help clothesTests";
			productReference = D8ACFEC72748D65E00846103 /* Help clothesTests.xctest */;
			productType = "com.apple.product-type.bundle.unit-test";
		};
		D8ACFED02748D65E00846103 /* Help clothesUITests */ = {
			isa = PBXNativeTarget;
			buildConfigurationList = D8ACFEE12748D65E00846103 /* Build configuration list for PBXNativeTarget "Help clothesUITests" */;
			buildPhases = (
				E35E779F180B40D3DD9A89A8 /* [CP] Check Pods Manifest.lock */,
				D8ACFECD2748D65E00846103 /* Sources */,
				D8ACFECE2748D65E00846103 /* Frameworks */,
				D8ACFECF2748D65E00846103 /* Resources */,
				CDB6DB98E45BD6104C6C6D3D /* [CP] Embed Pods Frameworks */,
			);
			buildRules = (
			);
			dependencies = (
				D8ACFED32748D65E00846103 /* PBXTargetDependency */,
			);
			name = "Help clothesUITests";
			productName = "Help clothesUITests";
			productReference = D8ACFED12748D65E00846103 /* Help clothesUITests.xctest */;
			productType = "com.apple.product-type.bundle.ui-testing";
		};
/* End PBXNativeTarget section */

/* Begin PBXProject section */
		D8ACFEA92748D65900846103 /* Project object */ = {
			isa = PBXProject;
			attributes = {
				BuildIndependentTargetsInParallel = 1;
				LastSwiftUpdateCheck = 1310;
				LastUpgradeCheck = 1310;
				TargetAttributes = {
					D8ACFEB02748D65900846103 = {
						CreatedOnToolsVersion = 13.1;
					};
					D8ACFEC62748D65E00846103 = {
						CreatedOnToolsVersion = 13.1;
						TestTargetID = D8ACFEB02748D65900846103;
					};
					D8ACFED02748D65E00846103 = {
						CreatedOnToolsVersion = 13.1;
						TestTargetID = D8ACFEB02748D65900846103;
					};
				};
			};
			buildConfigurationList = D8ACFEAC2748D65900846103 /* Build configuration list for PBXProject "Help clothes" */;
			compatibilityVersion = "Xcode 13.0";
			developmentRegion = en;
			hasScannedForEncodings = 0;
			knownRegions = (
				en,
				Base,
			);
			mainGroup = D8ACFEA82748D65900846103;
			productRefGroup = D8ACFEB22748D65900846103 /* Products */;
			projectDirPath = "";
			projectRoot = "";
			targets = (
				D8ACFEB02748D65900846103 /* Help clothes */,
				D8ACFEC62748D65E00846103 /* Help clothesTests */,
				D8ACFED02748D65E00846103 /* Help clothesUITests */,
			);
		};
/* End PBXProject section */

/* Begin PBXResourcesBuildPhase section */
		D8ACFEAF2748D65900846103 /* Resources */ = {
			isa = PBXResourcesBuildPhase;
			buildActionMask = 2147483647;
			files = (
				D89D17DA27660F5F00A713B9 /* StyleScreen1.storyboard in Resources */,
				D89983312768F32E007F120D /* CollectionHeaderView.xib in Resources */,
				D8ACFEC12748D65E00846103 /* LaunchScreen.storyboard in Resources */,
				D89D17DD27660F5F00A713B9 /* Register.storyboard in Resources */,
				D8ACFEBC2748D65900846103 /* Main.storyboard in Resources */,
				D89D17DB27660F5F00A713B9 /* CollectionViewCell.xib in Resources */,
				D80CB1F027706CF000B96848 /* Assets.xcassets in Resources */,
				D89D17DC27660F5F00A713B9 /* StyleScreen2.storyboard in Resources */,
			);
			runOnlyForDeploymentPostprocessing = 0;
		};
		D8ACFEC52748D65E00846103 /* Resources */ = {
			isa = PBXResourcesBuildPhase;
			buildActionMask = 2147483647;
			files = (
			);
			runOnlyForDeploymentPostprocessing = 0;
		};
		D8ACFECF2748D65E00846103 /* Resources */ = {
			isa = PBXResourcesBuildPhase;
			buildActionMask = 2147483647;
			files = (
			);
			runOnlyForDeploymentPostprocessing = 0;
		};
/* End PBXResourcesBuildPhase section */

/* Begin PBXShellScriptBuildPhase section */
		14531AF98E56302B80F06021 /* [CP] Check Pods Manifest.lock */ = {
			isa = PBXShellScriptBuildPhase;
			buildActionMask = 2147483647;
			files = (
			);
			inputFileListPaths = (
			);
			inputPaths = (
				"${PODS_PODFILE_DIR_PATH}/Podfile.lock",
				"${PODS_ROOT}/Manifest.lock",
			);
			name = "[CP] Check Pods Manifest.lock";
			outputFileListPaths = (
			);
			outputPaths = (
				"$(DERIVED_FILE_DIR)/Pods-Help clothesTests-checkManifestLockResult.txt",
			);
			runOnlyForDeploymentPostprocessing = 0;
			shellPath = /bin/sh;
			shellScript = "diff \"${PODS_PODFILE_DIR_PATH}/Podfile.lock\" \"${PODS_ROOT}/Manifest.lock\" > /dev/null\nif [ $? != 0 ] ; then\n    # print error to STDERR\n    echo \"error: The sandbox is not in sync with the Podfile.lock. Run 'pod install' or update your CocoaPods installation.\" >&2\n    exit 1\nfi\n# This output is used by Xcode 'outputs' to avoid re-running this script phase.\necho \"SUCCESS\" > \"${SCRIPT_OUTPUT_FILE_0}\"\n";
			showEnvVarsInLog = 0;
		};
		305BFB7D20502C6E573F6B71 /* [CP] Check Pods Manifest.lock */ = {
			isa = PBXShellScriptBuildPhase;
			buildActionMask = 2147483647;
			files = (
			);
			inputFileListPaths = (
			);
			inputPaths = (
				"${PODS_PODFILE_DIR_PATH}/Podfile.lock",
				"${PODS_ROOT}/Manifest.lock",
			);
			name = "[CP] Check Pods Manifest.lock";
			outputFileListPaths = (
			);
			outputPaths = (
				"$(DERIVED_FILE_DIR)/Pods-Help clothes-checkManifestLockResult.txt",
			);
			runOnlyForDeploymentPostprocessing = 0;
			shellPath = /bin/sh;
			shellScript = "diff \"${PODS_PODFILE_DIR_PATH}/Podfile.lock\" \"${PODS_ROOT}/Manifest.lock\" > /dev/null\nif [ $? != 0 ] ; then\n    # print error to STDERR\n    echo \"error: The sandbox is not in sync with the Podfile.lock. Run 'pod install' or update your CocoaPods installation.\" >&2\n    exit 1\nfi\n# This output is used by Xcode 'outputs' to avoid re-running this script phase.\necho \"SUCCESS\" > \"${SCRIPT_OUTPUT_FILE_0}\"\n";
			showEnvVarsInLog = 0;
		};
		CDB6DB98E45BD6104C6C6D3D /* [CP] Embed Pods Frameworks */ = {
			isa = PBXShellScriptBuildPhase;
			buildActionMask = 2147483647;
			files = (
			);
			inputFileListPaths = (
				"${PODS_ROOT}/Target Support Files/Pods-Help clothes-Help clothesUITests/Pods-Help clothes-Help clothesUITests-frameworks-${CONFIGURATION}-input-files.xcfilelist",
			);
			name = "[CP] Embed Pods Frameworks";
			outputFileListPaths = (
				"${PODS_ROOT}/Target Support Files/Pods-Help clothes-Help clothesUITests/Pods-Help clothes-Help clothesUITests-frameworks-${CONFIGURATION}-output-files.xcfilelist",
			);
			runOnlyForDeploymentPostprocessing = 0;
			shellPath = /bin/sh;
			shellScript = "\"${PODS_ROOT}/Target Support Files/Pods-Help clothes-Help clothesUITests/Pods-Help clothes-Help clothesUITests-frameworks.sh\"\n";
			showEnvVarsInLog = 0;
		};
		DD72A041E69B235EF5BCD7AD /* [CP] Embed Pods Frameworks */ = {
			isa = PBXShellScriptBuildPhase;
			buildActionMask = 2147483647;
			files = (
			);
			inputFileListPaths = (
				"${PODS_ROOT}/Target Support Files/Pods-Help clothes/Pods-Help clothes-frameworks-${CONFIGURATION}-input-files.xcfilelist",
			);
			name = "[CP] Embed Pods Frameworks";
			outputFileListPaths = (
				"${PODS_ROOT}/Target Support Files/Pods-Help clothes/Pods-Help clothes-frameworks-${CONFIGURATION}-output-files.xcfilelist",
			);
			runOnlyForDeploymentPostprocessing = 0;
			shellPath = /bin/sh;
			shellScript = "\"${PODS_ROOT}/Target Support Files/Pods-Help clothes/Pods-Help clothes-frameworks.sh\"\n";
			showEnvVarsInLog = 0;
		};
		E35E779F180B40D3DD9A89A8 /* [CP] Check Pods Manifest.lock */ = {
			isa = PBXShellScriptBuildPhase;
			buildActionMask = 2147483647;
			files = (
			);
			inputFileListPaths = (
			);
			inputPaths = (
				"${PODS_PODFILE_DIR_PATH}/Podfile.lock",
				"${PODS_ROOT}/Manifest.lock",
			);
			name = "[CP] Check Pods Manifest.lock";
			outputFileListPaths = (
			);
			outputPaths = (
				"$(DERIVED_FILE_DIR)/Pods-Help clothes-Help clothesUITests-checkManifestLockResult.txt",
			);
			runOnlyForDeploymentPostprocessing = 0;
			shellPath = /bin/sh;
			shellScript = "diff \"${PODS_PODFILE_DIR_PATH}/Podfile.lock\" \"${PODS_ROOT}/Manifest.lock\" > /dev/null\nif [ $? != 0 ] ; then\n    # print error to STDERR\n    echo \"error: The sandbox is not in sync with the Podfile.lock. Run 'pod install' or update your CocoaPods installation.\" >&2\n    exit 1\nfi\n# This output is used by Xcode 'outputs' to avoid re-running this script phase.\necho \"SUCCESS\" > \"${SCRIPT_OUTPUT_FILE_0}\"\n";
			showEnvVarsInLog = 0;
		};
/* End PBXShellScriptBuildPhase section */

/* Begin PBXSourcesBuildPhase section */
		D8ACFEAD2748D65900846103 /* Sources */ = {
			isa = PBXSourcesBuildPhase;
			buildActionMask = 2147483647;
			files = (
				D89D17D427660F0100A713B9 /* StyleScreen2ViewController.swift in Sources */,
				D89D17D227660F0100A713B9 /* StyleScreen1ViewController.swift in Sources */,
				D89D17D327660F0100A713B9 /* WeatherViewController.swift in Sources */,
				D88856C6274F93DE0038FCEA /* WeatherData.swift in Sources */,
				D89D17CF27660F0100A713B9 /* RegisterViewController.swift in Sources */,
				D8ACFEB52748D65900846103 /* AppDelegate.swift in Sources */,
				D89D17DF27660FFE00A713B9 /* WeatherManager.swift in Sources */,
				D89D17D127660F0100A713B9 /* CollectionViewCell.swift in Sources */,
				D8ACFEB72748D65900846103 /* SceneDelegate.swift in Sources */,
				D88F6D77276667EA00F76D18 /* RealmDataModel.swift in Sources */,
				D89983342769BBC9007F120D /* CollectionHeaderView.swift in Sources */,
				D88856C0274F797B0038FCEA /* WeatherModel.swift in Sources */,
				D89D17D027660F0100A713B9 /* PhotoCollectionView.swift in Sources */,
			);
			runOnlyForDeploymentPostprocessing = 0;
		};
		D8ACFEC32748D65E00846103 /* Sources */ = {
			isa = PBXSourcesBuildPhase;
			buildActionMask = 2147483647;
			files = (
				D8ACFECC2748D65E00846103 /* Help_clothesTests.swift in Sources */,
			);
			runOnlyForDeploymentPostprocessing = 0;
		};
		D8ACFECD2748D65E00846103 /* Sources */ = {
			isa = PBXSourcesBuildPhase;
			buildActionMask = 2147483647;
			files = (
				D8ACFED82748D65E00846103 /* Help_clothesUITestsLaunchTests.swift in Sources */,
				D8ACFED62748D65E00846103 /* Help_clothesUITests.swift in Sources */,
			);
			runOnlyForDeploymentPostprocessing = 0;
		};
/* End PBXSourcesBuildPhase section */

/* Begin PBXTargetDependency section */
		D8ACFEC92748D65E00846103 /* PBXTargetDependency */ = {
			isa = PBXTargetDependency;
			target = D8ACFEB02748D65900846103 /* Help clothes */;
			targetProxy = D8ACFEC82748D65E00846103 /* PBXContainerItemProxy */;
		};
		D8ACFED32748D65E00846103 /* PBXTargetDependency */ = {
			isa = PBXTargetDependency;
			target = D8ACFEB02748D65900846103 /* Help clothes */;
			targetProxy = D8ACFED22748D65E00846103 /* PBXContainerItemProxy */;
		};
/* End PBXTargetDependency section */

/* Begin PBXVariantGroup section */
		D8ACFEBA2748D65900846103 /* Main.storyboard */ = {
			isa = PBXVariantGroup;
			children = (
				D8ACFEBB2748D65900846103 /* Base */,
			);
			name = Main.storyboard;
			sourceTree = "<group>";
		};
		D8ACFEBF2748D65E00846103 /* LaunchScreen.storyboard */ = {
			isa = PBXVariantGroup;
			children = (
				D8ACFEC02748D65E00846103 /* Base */,
			);
			name = LaunchScreen.storyboard;
			sourceTree = "<group>";
		};
/* End PBXVariantGroup section */

/* Begin XCBuildConfiguration section */
		D8ACFED92748D65E00846103 /* Debug */ = {
			isa = XCBuildConfiguration;
			buildSettings = {
				ALWAYS_SEARCH_USER_PATHS = NO;
				CLANG_ANALYZER_NONNULL = YES;
				CLANG_ANALYZER_NUMBER_OBJECT_CONVERSION = YES_AGGRESSIVE;
				CLANG_CXX_LANGUAGE_STANDARD = "gnu++17";
				CLANG_CXX_LIBRARY = "libc++";
				CLANG_ENABLE_MODULES = YES;
				CLANG_ENABLE_OBJC_ARC = YES;
				CLANG_ENABLE_OBJC_WEAK = YES;
				CLANG_WARN_BLOCK_CAPTURE_AUTORELEASING = YES;
				CLANG_WARN_BOOL_CONVERSION = YES;
				CLANG_WARN_COMMA = YES;
				CLANG_WARN_CONSTANT_CONVERSION = YES;
				CLANG_WARN_DEPRECATED_OBJC_IMPLEMENTATIONS = YES;
				CLANG_WARN_DIRECT_OBJC_ISA_USAGE = YES_ERROR;
				CLANG_WARN_DOCUMENTATION_COMMENTS = YES;
				CLANG_WARN_EMPTY_BODY = YES;
				CLANG_WARN_ENUM_CONVERSION = YES;
				CLANG_WARN_INFINITE_RECURSION = YES;
				CLANG_WARN_INT_CONVERSION = YES;
				CLANG_WARN_NON_LITERAL_NULL_CONVERSION = YES;
				CLANG_WARN_OBJC_IMPLICIT_RETAIN_SELF = YES;
				CLANG_WARN_OBJC_LITERAL_CONVERSION = YES;
				CLANG_WARN_OBJC_ROOT_CLASS = YES_ERROR;
				CLANG_WARN_QUOTED_INCLUDE_IN_FRAMEWORK_HEADER = YES;
				CLANG_WARN_RANGE_LOOP_ANALYSIS = YES;
				CLANG_WARN_STRICT_PROTOTYPES = YES;
				CLANG_WARN_SUSPICIOUS_MOVE = YES;
				CLANG_WARN_UNGUARDED_AVAILABILITY = YES_AGGRESSIVE;
				CLANG_WARN_UNREACHABLE_CODE = YES;
				CLANG_WARN__DUPLICATE_METHOD_MATCH = YES;
				COPY_PHASE_STRIP = NO;
				DEBUG_INFORMATION_FORMAT = dwarf;
				ENABLE_STRICT_OBJC_MSGSEND = YES;
				ENABLE_TESTABILITY = YES;
				GCC_C_LANGUAGE_STANDARD = gnu11;
				GCC_DYNAMIC_NO_PIC = NO;
				GCC_NO_COMMON_BLOCKS = YES;
				GCC_OPTIMIZATION_LEVEL = 0;
				GCC_PREPROCESSOR_DEFINITIONS = (
					"DEBUG=1",
					"$(inherited)",
				);
				GCC_WARN_64_TO_32_BIT_CONVERSION = YES;
				GCC_WARN_ABOUT_RETURN_TYPE = YES_ERROR;
				GCC_WARN_UNDECLARED_SELECTOR = YES;
				GCC_WARN_UNINITIALIZED_AUTOS = YES_AGGRESSIVE;
				GCC_WARN_UNUSED_FUNCTION = YES;
				GCC_WARN_UNUSED_VARIABLE = YES;
				IPHONEOS_DEPLOYMENT_TARGET = 15.0;
				MTL_ENABLE_DEBUG_INFO = INCLUDE_SOURCE;
				MTL_FAST_MATH = YES;
				ONLY_ACTIVE_ARCH = YES;
				SDKROOT = iphoneos;
				SWIFT_ACTIVE_COMPILATION_CONDITIONS = DEBUG;
				SWIFT_OPTIMIZATION_LEVEL = "-Onone";
			};
			name = Debug;
		};
		D8ACFEDA2748D65E00846103 /* Release */ = {
			isa = XCBuildConfiguration;
			buildSettings = {
				ALWAYS_SEARCH_USER_PATHS = NO;
				CLANG_ANALYZER_NONNULL = YES;
				CLANG_ANALYZER_NUMBER_OBJECT_CONVERSION = YES_AGGRESSIVE;
				CLANG_CXX_LANGUAGE_STANDARD = "gnu++17";
				CLANG_CXX_LIBRARY = "libc++";
				CLANG_ENABLE_MODULES = YES;
				CLANG_ENABLE_OBJC_ARC = YES;
				CLANG_ENABLE_OBJC_WEAK = YES;
				CLANG_WARN_BLOCK_CAPTURE_AUTORELEASING = YES;
				CLANG_WARN_BOOL_CONVERSION = YES;
				CLANG_WARN_COMMA = YES;
				CLANG_WARN_CONSTANT_CONVERSION = YES;
				CLANG_WARN_DEPRECATED_OBJC_IMPLEMENTATIONS = YES;
				CLANG_WARN_DIRECT_OBJC_ISA_USAGE = YES_ERROR;
				CLANG_WARN_DOCUMENTATION_COMMENTS = YES;
				CLANG_WARN_EMPTY_BODY = YES;
				CLANG_WARN_ENUM_CONVERSION = YES;
				CLANG_WARN_INFINITE_RECURSION = YES;
				CLANG_WARN_INT_CONVERSION = YES;
				CLANG_WARN_NON_LITERAL_NULL_CONVERSION = YES;
				CLANG_WARN_OBJC_IMPLICIT_RETAIN_SELF = YES;
				CLANG_WARN_OBJC_LITERAL_CONVERSION = YES;
				CLANG_WARN_OBJC_ROOT_CLASS = YES_ERROR;
				CLANG_WARN_QUOTED_INCLUDE_IN_FRAMEWORK_HEADER = YES;
				CLANG_WARN_RANGE_LOOP_ANALYSIS = YES;
				CLANG_WARN_STRICT_PROTOTYPES = YES;
				CLANG_WARN_SUSPICIOUS_MOVE = YES;
				CLANG_WARN_UNGUARDED_AVAILABILITY = YES_AGGRESSIVE;
				CLANG_WARN_UNREACHABLE_CODE = YES;
				CLANG_WARN__DUPLICATE_METHOD_MATCH = YES;
				COPY_PHASE_STRIP = NO;
				DEBUG_INFORMATION_FORMAT = "dwarf-with-dsym";
				ENABLE_NS_ASSERTIONS = NO;
				ENABLE_STRICT_OBJC_MSGSEND = YES;
				GCC_C_LANGUAGE_STANDARD = gnu11;
				GCC_NO_COMMON_BLOCKS = YES;
				GCC_WARN_64_TO_32_BIT_CONVERSION = YES;
				GCC_WARN_ABOUT_RETURN_TYPE = YES_ERROR;
				GCC_WARN_UNDECLARED_SELECTOR = YES;
				GCC_WARN_UNINITIALIZED_AUTOS = YES_AGGRESSIVE;
				GCC_WARN_UNUSED_FUNCTION = YES;
				GCC_WARN_UNUSED_VARIABLE = YES;
				IPHONEOS_DEPLOYMENT_TARGET = 15.0;
				MTL_ENABLE_DEBUG_INFO = NO;
				MTL_FAST_MATH = YES;
				SDKROOT = iphoneos;
				SWIFT_COMPILATION_MODE = wholemodule;
				SWIFT_OPTIMIZATION_LEVEL = "-O";
				VALIDATE_PRODUCT = YES;
			};
			name = Release;
		};
		D8ACFEDC2748D65E00846103 /* Debug */ = {
			isa = XCBuildConfiguration;
			baseConfigurationReference = 265D66620D212B7660A34C72 /* Pods-Help clothes.debug.xcconfig */;
			buildSettings = {
				ASSETCATALOG_COMPILER_APPICON_NAME = AppIcon;
				ASSETCATALOG_COMPILER_GLOBAL_ACCENT_COLOR_NAME = AccentColor;
				CODE_SIGN_STYLE = Automatic;
				CURRENT_PROJECT_VERSION = 1;
				DEVELOPMENT_TEAM = 7AAG7H24T5;
				GENERATE_INFOPLIST_FILE = YES;
				INFOPLIST_FILE = "Help clothes/Info.plist";
				INFOPLIST_KEY_UIApplicationSupportsIndirectInputEvents = YES;
				INFOPLIST_KEY_UILaunchStoryboardName = LaunchScreen;
				INFOPLIST_KEY_UIMainStoryboardFile = Main;
				INFOPLIST_KEY_UISupportedInterfaceOrientations = "UIInterfaceOrientationPortrait UIInterfaceOrientationLandscapeLeft UIInterfaceOrientationLandscapeRight";
				INFOPLIST_KEY_UISupportedInterfaceOrientations_iPad = "UIInterfaceOrientationPortrait UIInterfaceOrientationPortraitUpsideDown UIInterfaceOrientationLandscapeLeft UIInterfaceOrientationLandscapeRight";
				INFOPLIST_KEY_UISupportedInterfaceOrientations_iPhone = "UIInterfaceOrientationPortrait UIInterfaceOrientationLandscapeLeft UIInterfaceOrientationLandscapeRight";
				LD_RUNPATH_SEARCH_PATHS = (
					"$(inherited)",
					"@executable_path/Frameworks",
				);
				MARKETING_VERSION = 1.0;
				PRODUCT_BUNDLE_IDENTIFIER = "com.gmail-mode.sh0k0.c.Help-clothes";
				PRODUCT_NAME = "$(TARGET_NAME)";
				SWIFT_EMIT_LOC_STRINGS = YES;
				SWIFT_VERSION = 5.0;
				TARGETED_DEVICE_FAMILY = "1,2";
			};
			name = Debug;
		};
		D8ACFEDD2748D65E00846103 /* Release */ = {
			isa = XCBuildConfiguration;
			baseConfigurationReference = A1D02A70CC03CC69F6C47A29 /* Pods-Help clothes.release.xcconfig */;
			buildSettings = {
				ASSETCATALOG_COMPILER_APPICON_NAME = AppIcon;
				ASSETCATALOG_COMPILER_GLOBAL_ACCENT_COLOR_NAME = AccentColor;
				CODE_SIGN_STYLE = Automatic;
				CURRENT_PROJECT_VERSION = 1;
				DEVELOPMENT_TEAM = 7AAG7H24T5;
				GENERATE_INFOPLIST_FILE = YES;
				INFOPLIST_FILE = "Help clothes/Info.plist";
				INFOPLIST_KEY_UIApplicationSupportsIndirectInputEvents = YES;
				INFOPLIST_KEY_UILaunchStoryboardName = LaunchScreen;
				INFOPLIST_KEY_UIMainStoryboardFile = Main;
				INFOPLIST_KEY_UISupportedInterfaceOrientations = "UIInterfaceOrientationPortrait UIInterfaceOrientationLandscapeLeft UIInterfaceOrientationLandscapeRight";
				INFOPLIST_KEY_UISupportedInterfaceOrientations_iPad = "UIInterfaceOrientationPortrait UIInterfaceOrientationPortraitUpsideDown UIInterfaceOrientationLandscapeLeft UIInterfaceOrientationLandscapeRight";
				INFOPLIST_KEY_UISupportedInterfaceOrientations_iPhone = "UIInterfaceOrientationPortrait UIInterfaceOrientationLandscapeLeft UIInterfaceOrientationLandscapeRight";
				LD_RUNPATH_SEARCH_PATHS = (
					"$(inherited)",
					"@executable_path/Frameworks",
				);
				MARKETING_VERSION = 1.0;
				PRODUCT_BUNDLE_IDENTIFIER = "com.gmail-mode.sh0k0.c.Help-clothes";
				PRODUCT_NAME = "$(TARGET_NAME)";
				SWIFT_EMIT_LOC_STRINGS = YES;
				SWIFT_VERSION = 5.0;
				TARGETED_DEVICE_FAMILY = "1,2";
			};
			name = Release;
		};
		D8ACFEDF2748D65E00846103 /* Debug */ = {
			isa = XCBuildConfiguration;
			baseConfigurationReference = 1814A6216349185E623921F0 /* Pods-Help clothesTests.debug.xcconfig */;
			buildSettings = {
				ALWAYS_EMBED_SWIFT_STANDARD_LIBRARIES = YES;
				BUNDLE_LOADER = "$(TEST_HOST)";
				CODE_SIGN_STYLE = Automatic;
				CURRENT_PROJECT_VERSION = 1;
				DEVELOPMENT_TEAM = 7AAG7H24T5;
				GENERATE_INFOPLIST_FILE = YES;
				IPHONEOS_DEPLOYMENT_TARGET = 15.0;
				LD_RUNPATH_SEARCH_PATHS = (
					"$(inherited)",
					"@executable_path/Frameworks",
					"@loader_path/Frameworks",
				);
				MARKETING_VERSION = 1.0;
				PRODUCT_BUNDLE_IDENTIFIER = "com.gmail-mode.sh0k0.c.Help-clothesTests";
				PRODUCT_NAME = "$(TARGET_NAME)";
				SWIFT_EMIT_LOC_STRINGS = NO;
				SWIFT_VERSION = 5.0;
				TARGETED_DEVICE_FAMILY = "1,2";
				TEST_HOST = "$(BUILT_PRODUCTS_DIR)/Help clothes.app/Help clothes";
			};
			name = Debug;
		};
		D8ACFEE02748D65E00846103 /* Release */ = {
			isa = XCBuildConfiguration;
			baseConfigurationReference = F26737504D987E41A48216C9 /* Pods-Help clothesTests.release.xcconfig */;
			buildSettings = {
				ALWAYS_EMBED_SWIFT_STANDARD_LIBRARIES = YES;
				BUNDLE_LOADER = "$(TEST_HOST)";
				CODE_SIGN_STYLE = Automatic;
				CURRENT_PROJECT_VERSION = 1;
				DEVELOPMENT_TEAM = 7AAG7H24T5;
				GENERATE_INFOPLIST_FILE = YES;
				IPHONEOS_DEPLOYMENT_TARGET = 15.0;
				LD_RUNPATH_SEARCH_PATHS = (
					"$(inherited)",
					"@executable_path/Frameworks",
					"@loader_path/Frameworks",
				);
				MARKETING_VERSION = 1.0;
				PRODUCT_BUNDLE_IDENTIFIER = "com.gmail-mode.sh0k0.c.Help-clothesTests";
				PRODUCT_NAME = "$(TARGET_NAME)";
				SWIFT_EMIT_LOC_STRINGS = NO;
				SWIFT_VERSION = 5.0;
				TARGETED_DEVICE_FAMILY = "1,2";
				TEST_HOST = "$(BUILT_PRODUCTS_DIR)/Help clothes.app/Help clothes";
			};
			name = Release;
		};
		D8ACFEE22748D65E00846103 /* Debug */ = {
			isa = XCBuildConfiguration;
			baseConfigurationReference = 0475FED8E05FC08CF30A3717 /* Pods-Help clothes-Help clothesUITests.debug.xcconfig */;
			buildSettings = {
				ALWAYS_EMBED_SWIFT_STANDARD_LIBRARIES = YES;
				CODE_SIGN_STYLE = Automatic;
				CURRENT_PROJECT_VERSION = 1;
				DEVELOPMENT_TEAM = 7AAG7H24T5;
				GENERATE_INFOPLIST_FILE = YES;
				LD_RUNPATH_SEARCH_PATHS = (
					"$(inherited)",
					"@executable_path/Frameworks",
					"@loader_path/Frameworks",
				);
				MARKETING_VERSION = 1.0;
				PRODUCT_BUNDLE_IDENTIFIER = "com.gmail-mode.sh0k0.c.Help-clothesUITests";
				PRODUCT_NAME = "$(TARGET_NAME)";
				SWIFT_EMIT_LOC_STRINGS = NO;
				SWIFT_VERSION = 5.0;
				TARGETED_DEVICE_FAMILY = "1,2";
				TEST_TARGET_NAME = "Help clothes";
			};
			name = Debug;
		};
		D8ACFEE32748D65E00846103 /* Release */ = {
			isa = XCBuildConfiguration;
			baseConfigurationReference = BD80E9C3F1361C5BF5D4F666 /* Pods-Help clothes-Help clothesUITests.release.xcconfig */;
			buildSettings = {
				ALWAYS_EMBED_SWIFT_STANDARD_LIBRARIES = YES;
				CODE_SIGN_STYLE = Automatic;
				CURRENT_PROJECT_VERSION = 1;
				DEVELOPMENT_TEAM = 7AAG7H24T5;
				GENERATE_INFOPLIST_FILE = YES;
				LD_RUNPATH_SEARCH_PATHS = (
					"$(inherited)",
					"@executable_path/Frameworks",
					"@loader_path/Frameworks",
				);
				MARKETING_VERSION = 1.0;
				PRODUCT_BUNDLE_IDENTIFIER = "com.gmail-mode.sh0k0.c.Help-clothesUITests";
				PRODUCT_NAME = "$(TARGET_NAME)";
				SWIFT_EMIT_LOC_STRINGS = NO;
				SWIFT_VERSION = 5.0;
				TARGETED_DEVICE_FAMILY = "1,2";
				TEST_TARGET_NAME = "Help clothes";
			};
			name = Release;
		};
/* End XCBuildConfiguration section */

/* Begin XCConfigurationList section */
		D8ACFEAC2748D65900846103 /* Build configuration list for PBXProject "Help clothes" */ = {
			isa = XCConfigurationList;
			buildConfigurations = (
				D8ACFED92748D65E00846103 /* Debug */,
				D8ACFEDA2748D65E00846103 /* Release */,
			);
			defaultConfigurationIsVisible = 0;
			defaultConfigurationName = Release;
		};
		D8ACFEDB2748D65E00846103 /* Build configuration list for PBXNativeTarget "Help clothes" */ = {
			isa = XCConfigurationList;
			buildConfigurations = (
				D8ACFEDC2748D65E00846103 /* Debug */,
				D8ACFEDD2748D65E00846103 /* Release */,
			);
			defaultConfigurationIsVisible = 0;
			defaultConfigurationName = Release;
		};
		D8ACFEDE2748D65E00846103 /* Build configuration list for PBXNativeTarget "Help clothesTests" */ = {
			isa = XCConfigurationList;
			buildConfigurations = (
				D8ACFEDF2748D65E00846103 /* Debug */,
				D8ACFEE02748D65E00846103 /* Release */,
			);
			defaultConfigurationIsVisible = 0;
			defaultConfigurationName = Release;
		};
		D8ACFEE12748D65E00846103 /* Build configuration list for PBXNativeTarget "Help clothesUITests" */ = {
			isa = XCConfigurationList;
			buildConfigurations = (
				D8ACFEE22748D65E00846103 /* Debug */,
				D8ACFEE32748D65E00846103 /* Release */,
			);
			defaultConfigurationIsVisible = 0;
			defaultConfigurationName = Release;
		};
/* End XCConfigurationList section */
	};
	rootObject = D8ACFEA92748D65900846103 /* Project object */;
}
